// !$*UTF8*$!
{
	archiveVersion = 1;
	classes = {
	};
	objectVersion = 52;
	objects = {

/* Begin PBXBuildFile section */
		3796F7F325CCDC3900CBB413 /* AppDelegate.swift in Sources */ = {isa = PBXBuildFile; fileRef = 3796F7F225CCDC3900CBB413 /* AppDelegate.swift */; };
		3796F7F525CCDC3900CBB413 /* SceneDelegate.swift in Sources */ = {isa = PBXBuildFile; fileRef = 3796F7F425CCDC3900CBB413 /* SceneDelegate.swift */; };
		3796F7F725CCDC3900CBB413 /* FollowersListViewController.swift in Sources */ = {isa = PBXBuildFile; fileRef = 3796F7F625CCDC3900CBB413 /* FollowersListViewController.swift */; };
		3796F7FA25CCDC3900CBB413 /* Main.storyboard in Resources */ = {isa = PBXBuildFile; fileRef = 3796F7F825CCDC3900CBB413 /* Main.storyboard */; };
		3796F7FC25CCDC3A00CBB413 /* Assets.xcassets in Resources */ = {isa = PBXBuildFile; fileRef = 3796F7FB25CCDC3A00CBB413 /* Assets.xcassets */; };
		3796F7FF25CCDC3A00CBB413 /* LaunchScreen.storyboard in Resources */ = {isa = PBXBuildFile; fileRef = 3796F7FD25CCDC3A00CBB413 /* LaunchScreen.storyboard */; };
		3796F80A25CCDC3B00CBB413 /* MVPLearningTests.swift in Sources */ = {isa = PBXBuildFile; fileRef = 3796F80925CCDC3B00CBB413 /* MVPLearningTests.swift */; };
		3796F81525CCDC3B00CBB413 /* MVPLearningUITests.swift in Sources */ = {isa = PBXBuildFile; fileRef = 3796F81425CCDC3B00CBB413 /* MVPLearningUITests.swift */; };
		3796F82F25CCE16000CBB413 /* FollowersListPresenter.swift in Sources */ = {isa = PBXBuildFile; fileRef = 3796F82E25CCE16000CBB413 /* FollowersListPresenter.swift */; };
		3796F83425CCE17B00CBB413 /* FollowersModel.swift in Sources */ = {isa = PBXBuildFile; fileRef = 3796F83325CCE17B00CBB413 /* FollowersModel.swift */; };
		3796F83D25CCE3EA00CBB413 /* Alamofire in Frameworks */ = {isa = PBXBuildFile; productRef = 3796F83C25CCE3EA00CBB413 /* Alamofire */; };
		3796F84325CCE42F00CBB413 /* AlamofireImage in Frameworks */ = {isa = PBXBuildFile; productRef = 3796F84225CCE42F00CBB413 /* AlamofireImage */; };
		3796F84B25CCE4F400CBB413 /* WebServiceContract.swift in Sources */ = {isa = PBXBuildFile; fileRef = 3796F84A25CCE4F400CBB413 /* WebServiceContract.swift */; };
		3796F85425CCE5D500CBB413 /* Constant.swift in Sources */ = {isa = PBXBuildFile; fileRef = 3796F85325CCE5D500CBB413 /* Constant.swift */; };
/* End PBXBuildFile section */

/* Begin PBXContainerItemProxy section */
		3796F80625CCDC3B00CBB413 /* PBXContainerItemProxy */ = {
			isa = PBXContainerItemProxy;
			containerPortal = 3796F7E725CCDC3900CBB413 /* Project object */;
			proxyType = 1;
			remoteGlobalIDString = 3796F7EE25CCDC3900CBB413;
			remoteInfo = MVPLearning;
		};
		3796F81125CCDC3B00CBB413 /* PBXContainerItemProxy */ = {
			isa = PBXContainerItemProxy;
			containerPortal = 3796F7E725CCDC3900CBB413 /* Project object */;
			proxyType = 1;
			remoteGlobalIDString = 3796F7EE25CCDC3900CBB413;
			remoteInfo = MVPLearning;
		};
/* End PBXContainerItemProxy section */

/* Begin PBXFileReference section */
		3796F7EF25CCDC3900CBB413 /* MVPLearning.app */ = {isa = PBXFileReference; explicitFileType = wrapper.application; includeInIndex = 0; path = MVPLearning.app; sourceTree = BUILT_PRODUCTS_DIR; };
		3796F7F225CCDC3900CBB413 /* AppDelegate.swift */ = {isa = PBXFileReference; lastKnownFileType = sourcecode.swift; path = AppDelegate.swift; sourceTree = "<group>"; };
		3796F7F425CCDC3900CBB413 /* SceneDelegate.swift */ = {isa = PBXFileReference; lastKnownFileType = sourcecode.swift; path = SceneDelegate.swift; sourceTree = "<group>"; };
		3796F7F625CCDC3900CBB413 /* FollowersListViewController.swift */ = {isa = PBXFileReference; lastKnownFileType = sourcecode.swift; path = FollowersListViewController.swift; sourceTree = "<group>"; };
		3796F7F925CCDC3900CBB413 /* Base */ = {isa = PBXFileReference; lastKnownFileType = file.storyboard; name = Base; path = Base.lproj/Main.storyboard; sourceTree = "<group>"; };
		3796F7FB25CCDC3A00CBB413 /* Assets.xcassets */ = {isa = PBXFileReference; lastKnownFileType = folder.assetcatalog; path = Assets.xcassets; sourceTree = "<group>"; };
		3796F7FE25CCDC3A00CBB413 /* Base */ = {isa = PBXFileReference; lastKnownFileType = file.storyboard; name = Base; path = Base.lproj/LaunchScreen.storyboard; sourceTree = "<group>"; };
		3796F80025CCDC3A00CBB413 /* Info.plist */ = {isa = PBXFileReference; lastKnownFileType = text.plist.xml; path = Info.plist; sourceTree = "<group>"; };
		3796F80525CCDC3B00CBB413 /* MVPLearningTests.xctest */ = {isa = PBXFileReference; explicitFileType = wrapper.cfbundle; includeInIndex = 0; path = MVPLearningTests.xctest; sourceTree = BUILT_PRODUCTS_DIR; };
		3796F80925CCDC3B00CBB413 /* MVPLearningTests.swift */ = {isa = PBXFileReference; lastKnownFileType = sourcecode.swift; path = MVPLearningTests.swift; sourceTree = "<group>"; };
		3796F80B25CCDC3B00CBB413 /* Info.plist */ = {isa = PBXFileReference; lastKnownFileType = text.plist.xml; path = Info.plist; sourceTree = "<group>"; };
		3796F81025CCDC3B00CBB413 /* MVPLearningUITests.xctest */ = {isa = PBXFileReference; explicitFileType = wrapper.cfbundle; includeInIndex = 0; path = MVPLearningUITests.xctest; sourceTree = BUILT_PRODUCTS_DIR; };
		3796F81425CCDC3B00CBB413 /* MVPLearningUITests.swift */ = {isa = PBXFileReference; lastKnownFileType = sourcecode.swift; path = MVPLearningUITests.swift; sourceTree = "<group>"; };
		3796F81625CCDC3B00CBB413 /* Info.plist */ = {isa = PBXFileReference; lastKnownFileType = text.plist.xml; path = Info.plist; sourceTree = "<group>"; };
		3796F82E25CCE16000CBB413 /* FollowersListPresenter.swift */ = {isa = PBXFileReference; lastKnownFileType = sourcecode.swift; path = FollowersListPresenter.swift; sourceTree = "<group>"; };
		3796F83325CCE17B00CBB413 /* FollowersModel.swift */ = {isa = PBXFileReference; lastKnownFileType = sourcecode.swift; path = FollowersModel.swift; sourceTree = "<group>"; };
		3796F84A25CCE4F400CBB413 /* WebServiceContract.swift */ = {isa = PBXFileReference; lastKnownFileType = sourcecode.swift; path = WebServiceContract.swift; sourceTree = "<group>"; };
		3796F85325CCE5D500CBB413 /* Constant.swift */ = {isa = PBXFileReference; lastKnownFileType = sourcecode.swift; path = Constant.swift; sourceTree = "<group>"; };
/* End PBXFileReference section */

/* Begin PBXFrameworksBuildPhase section */
		3796F7EC25CCDC3900CBB413 /* Frameworks */ = {
			isa = PBXFrameworksBuildPhase;
			buildActionMask = 2147483647;
			files = (
				3796F83D25CCE3EA00CBB413 /* Alamofire in Frameworks */,
				3796F84325CCE42F00CBB413 /* AlamofireImage in Frameworks */,
			);
			runOnlyForDeploymentPostprocessing = 0;
		};
		3796F80225CCDC3B00CBB413 /* Frameworks */ = {
			isa = PBXFrameworksBuildPhase;
			buildActionMask = 2147483647;
			files = (
			);
			runOnlyForDeploymentPostprocessing = 0;
		};
		3796F80D25CCDC3B00CBB413 /* Frameworks */ = {
			isa = PBXFrameworksBuildPhase;
			buildActionMask = 2147483647;
			files = (
			);
			runOnlyForDeploymentPostprocessing = 0;
		};
/* End PBXFrameworksBuildPhase section */

/* Begin PBXGroup section */
		3796F7E625CCDC3900CBB413 = {
			isa = PBXGroup;
			children = (
				3796F7F125CCDC3900CBB413 /* MVPLearning */,
				3796F80825CCDC3B00CBB413 /* MVPLearningTests */,
				3796F81325CCDC3B00CBB413 /* MVPLearningUITests */,
				3796F7F025CCDC3900CBB413 /* Products */,
			);
			sourceTree = "<group>";
		};
		3796F7F025CCDC3900CBB413 /* Products */ = {
			isa = PBXGroup;
			children = (
				3796F7EF25CCDC3900CBB413 /* MVPLearning.app */,
				3796F80525CCDC3B00CBB413 /* MVPLearningTests.xctest */,
				3796F81025CCDC3B00CBB413 /* MVPLearningUITests.xctest */,
			);
			name = Products;
			sourceTree = "<group>";
		};
		3796F7F125CCDC3900CBB413 /* MVPLearning */ = {
			isa = PBXGroup;
			children = (
				3796F84825CCE4D200CBB413 /* Modules */,
				3796F82A25CCE06000CBB413 /* Presenters */,
				3796F82925CCE05700CBB413 /* Views */,
				3796F82825CCE05100CBB413 /* Models */,
				3796F7F225CCDC3900CBB413 /* AppDelegate.swift */,
				3796F7F425CCDC3900CBB413 /* SceneDelegate.swift */,
				3796F7F825CCDC3900CBB413 /* Main.storyboard */,
				3796F7FB25CCDC3A00CBB413 /* Assets.xcassets */,
				3796F7FD25CCDC3A00CBB413 /* LaunchScreen.storyboard */,
				3796F80025CCDC3A00CBB413 /* Info.plist */,
			);
			path = MVPLearning;
			sourceTree = "<group>";
		};
		3796F80825CCDC3B00CBB413 /* MVPLearningTests */ = {
			isa = PBXGroup;
			children = (
				3796F80925CCDC3B00CBB413 /* MVPLearningTests.swift */,
				3796F80B25CCDC3B00CBB413 /* Info.plist */,
			);
			path = MVPLearningTests;
			sourceTree = "<group>";
		};
		3796F81325CCDC3B00CBB413 /* MVPLearningUITests */ = {
			isa = PBXGroup;
			children = (
				3796F81425CCDC3B00CBB413 /* MVPLearningUITests.swift */,
				3796F81625CCDC3B00CBB413 /* Info.plist */,
			);
			path = MVPLearningUITests;
			sourceTree = "<group>";
		};
		3796F82825CCE05100CBB413 /* Models */ = {
			isa = PBXGroup;
			children = (
				3796F83325CCE17B00CBB413 /* FollowersModel.swift */,
			);
			path = Models;
			sourceTree = "<group>";
		};
		3796F82925CCE05700CBB413 /* Views */ = {
			isa = PBXGroup;
			children = (
				3796F7F625CCDC3900CBB413 /* FollowersListViewController.swift */,
			);
			path = Views;
			sourceTree = "<group>";
		};
		3796F82A25CCE06000CBB413 /* Presenters */ = {
			isa = PBXGroup;
			children = (
				3796F82E25CCE16000CBB413 /* FollowersListPresenter.swift */,
			);
			path = Presenters;
			sourceTree = "<group>";
		};
		3796F84825CCE4D200CBB413 /* Modules */ = {
			isa = PBXGroup;
			children = (
				3796F85225CCE5C600CBB413 /* Constants */,
				3796F84925CCE4D900CBB413 /* WebService */,
			);
			path = Modules;
			sourceTree = "<group>";
		};
		3796F84925CCE4D900CBB413 /* WebService */ = {
			isa = PBXGroup;
			children = (
				3796F84A25CCE4F400CBB413 /* WebServiceContract.swift */,
			);
			path = WebService;
			sourceTree = "<group>";
		};
		3796F85225CCE5C600CBB413 /* Constants */ = {
			isa = PBXGroup;
			children = (
				3796F85325CCE5D500CBB413 /* Constant.swift */,
			);
			path = Constants;
			sourceTree = "<group>";
		};
/* End PBXGroup section */

/* Begin PBXNativeTarget section */
		3796F7EE25CCDC3900CBB413 /* MVPLearning */ = {
			isa = PBXNativeTarget;
			buildConfigurationList = 3796F81925CCDC3B00CBB413 /* Build configuration list for PBXNativeTarget "MVPLearning" */;
			buildPhases = (
				3796F7EB25CCDC3900CBB413 /* Sources */,
				3796F7EC25CCDC3900CBB413 /* Frameworks */,
				3796F7ED25CCDC3900CBB413 /* Resources */,
			);
			buildRules = (
			);
			dependencies = (
			);
			name = MVPLearning;
			packageProductDependencies = (
				3796F83C25CCE3EA00CBB413 /* Alamofire */,
				3796F84225CCE42F00CBB413 /* AlamofireImage */,
			);
			productName = MVPLearning;
			productReference = 3796F7EF25CCDC3900CBB413 /* MVPLearning.app */;
			productType = "com.apple.product-type.application";
		};
		3796F80425CCDC3B00CBB413 /* MVPLearningTests */ = {
			isa = PBXNativeTarget;
			buildConfigurationList = 3796F81C25CCDC3B00CBB413 /* Build configuration list for PBXNativeTarget "MVPLearningTests" */;
			buildPhases = (
				3796F80125CCDC3B00CBB413 /* Sources */,
				3796F80225CCDC3B00CBB413 /* Frameworks */,
				3796F80325CCDC3B00CBB413 /* Resources */,
			);
			buildRules = (
			);
			dependencies = (
				3796F80725CCDC3B00CBB413 /* PBXTargetDependency */,
			);
			name = MVPLearningTests;
			productName = MVPLearningTests;
			productReference = 3796F80525CCDC3B00CBB413 /* MVPLearningTests.xctest */;
			productType = "com.apple.product-type.bundle.unit-test";
		};
		3796F80F25CCDC3B00CBB413 /* MVPLearningUITests */ = {
			isa = PBXNativeTarget;
			buildConfigurationList = 3796F81F25CCDC3B00CBB413 /* Build configuration list for PBXNativeTarget "MVPLearningUITests" */;
			buildPhases = (
				3796F80C25CCDC3B00CBB413 /* Sources */,
				3796F80D25CCDC3B00CBB413 /* Frameworks */,
				3796F80E25CCDC3B00CBB413 /* Resources */,
			);
			buildRules = (
			);
			dependencies = (
				3796F81225CCDC3B00CBB413 /* PBXTargetDependency */,
			);
			name = MVPLearningUITests;
			productName = MVPLearningUITests;
			productReference = 3796F81025CCDC3B00CBB413 /* MVPLearningUITests.xctest */;
			productType = "com.apple.product-type.bundle.ui-testing";
		};
/* End PBXNativeTarget section */

/* Begin PBXProject section */
		3796F7E725CCDC3900CBB413 /* Project object */ = {
			isa = PBXProject;
			attributes = {
				LastSwiftUpdateCheck = 1230;
				LastUpgradeCheck = 1230;
				TargetAttributes = {
					3796F7EE25CCDC3900CBB413 = {
						CreatedOnToolsVersion = 12.3;
					};
					3796F80425CCDC3B00CBB413 = {
						CreatedOnToolsVersion = 12.3;
						TestTargetID = 3796F7EE25CCDC3900CBB413;
					};
					3796F80F25CCDC3B00CBB413 = {
						CreatedOnToolsVersion = 12.3;
						TestTargetID = 3796F7EE25CCDC3900CBB413;
					};
				};
			};
			buildConfigurationList = 3796F7EA25CCDC3900CBB413 /* Build configuration list for PBXProject "MVPLearning" */;
			compatibilityVersion = "Xcode 9.3";
			developmentRegion = en;
			hasScannedForEncodings = 0;
			knownRegions = (
				en,
				Base,
			);
			mainGroup = 3796F7E625CCDC3900CBB413;
			packageReferences = (
				3796F83B25CCE3EA00CBB413 /* XCRemoteSwiftPackageReference "Alamofire" */,
				3796F84125CCE42F00CBB413 /* XCRemoteSwiftPackageReference "AlamofireImage" */,
			);
			productRefGroup = 3796F7F025CCDC3900CBB413 /* Products */;
			projectDirPath = "";
			projectRoot = "";
			targets = (
				3796F7EE25CCDC3900CBB413 /* MVPLearning */,
				3796F80425CCDC3B00CBB413 /* MVPLearningTests */,
				3796F80F25CCDC3B00CBB413 /* MVPLearningUITests */,
			);
		};
/* End PBXProject section */

/* Begin PBXResourcesBuildPhase section */
		3796F7ED25CCDC3900CBB413 /* Resources */ = {
			isa = PBXResourcesBuildPhase;
			buildActionMask = 2147483647;
			files = (
				3796F7FF25CCDC3A00CBB413 /* LaunchScreen.storyboard in Resources */,
				3796F7FC25CCDC3A00CBB413 /* Assets.xcassets in Resources */,
				3796F7FA25CCDC3900CBB413 /* Main.storyboard in Resources */,
			);
			runOnlyForDeploymentPostprocessing = 0;
		};
		3796F80325CCDC3B00CBB413 /* Resources */ = {
			isa = PBXResourcesBuildPhase;
			buildActionMask = 2147483647;
			files = (
			);
			runOnlyForDeploymentPostprocessing = 0;
		};
		3796F80E25CCDC3B00CBB413 /* Resources */ = {
			isa = PBXResourcesBuildPhase;
			buildActionMask = 2147483647;
			files = (
			);
			runOnlyForDeploymentPostprocessing = 0;
		};
/* End PBXResourcesBuildPhase section */

/* Begin PBXSourcesBuildPhase section */
		3796F7EB25CCDC3900CBB413 /* Sources */ = {
			isa = PBXSourcesBuildPhase;
			buildActionMask = 2147483647;
			files = (
				3796F85425CCE5D500CBB413 /* Constant.swift in Sources */,
				3796F84B25CCE4F400CBB413 /* WebServiceContract.swift in Sources */,
				3796F82F25CCE16000CBB413 /* FollowersListPresenter.swift in Sources */,
				3796F7F725CCDC3900CBB413 /* FollowersListViewController.swift in Sources */,
				3796F7F325CCDC3900CBB413 /* AppDelegate.swift in Sources */,
				3796F7F525CCDC3900CBB413 /* SceneDelegate.swift in Sources */,
				3796F83425CCE17B00CBB413 /* FollowersModel.swift in Sources */,
			);
			runOnlyForDeploymentPostprocessing = 0;
		};
		3796F80125CCDC3B00CBB413 /* Sources */ = {
			isa = PBXSourcesBuildPhase;
			buildActionMask = 2147483647;
			files = (
				3796F80A25CCDC3B00CBB413 /* MVPLearningTests.swift in Sources */,
			);
			runOnlyForDeploymentPostprocessing = 0;
		};
		3796F80C25CCDC3B00CBB413 /* Sources */ = {
			isa = PBXSourcesBuildPhase;
			buildActionMask = 2147483647;
			files = (
				3796F81525CCDC3B00CBB413 /* MVPLearningUITests.swift in Sources */,
			);
			runOnlyForDeploymentPostprocessing = 0;
		};
/* End PBXSourcesBuildPhase section */

/* Begin PBXTargetDependency section */
		3796F80725CCDC3B00CBB413 /* PBXTargetDependency */ = {
			isa = PBXTargetDependency;
			target = 3796F7EE25CCDC3900CBB413 /* MVPLearning */;
			targetProxy = 3796F80625CCDC3B00CBB413 /* PBXContainerItemProxy */;
		};
		3796F81225CCDC3B00CBB413 /* PBXTargetDependency */ = {
			isa = PBXTargetDependency;
			target = 3796F7EE25CCDC3900CBB413 /* MVPLearning */;
			targetProxy = 3796F81125CCDC3B00CBB413 /* PBXContainerItemProxy */;
		};
/* End PBXTargetDependency section */

/* Begin PBXVariantGroup section */
		3796F7F825CCDC3900CBB413 /* Main.storyboard */ = {
			isa = PBXVariantGroup;
			children = (
				3796F7F925CCDC3900CBB413 /* Base */,
			);
			name = Main.storyboard;
			sourceTree = "<group>";
		};
		3796F7FD25CCDC3A00CBB413 /* LaunchScreen.storyboard */ = {
			isa = PBXVariantGroup;
			children = (
				3796F7FE25CCDC3A00CBB413 /* Base */,
			);
			name = LaunchScreen.storyboard;
			sourceTree = "<group>";
		};
/* End PBXVariantGroup section */

/* Begin XCBuildConfiguration section */
		3796F81725CCDC3B00CBB413 /* Debug */ = {
			isa = XCBuildConfiguration;
			buildSettings = {
				ALWAYS_SEARCH_USER_PATHS = NO;
				CLANG_ANALYZER_NONNULL = YES;
				CLANG_ANALYZER_NUMBER_OBJECT_CONVERSION = YES_AGGRESSIVE;
				CLANG_CXX_LANGUAGE_STANDARD = "gnu++14";
				CLANG_CXX_LIBRARY = "libc++";
				CLANG_ENABLE_MODULES = YES;
				CLANG_ENABLE_OBJC_ARC = YES;
				CLANG_ENABLE_OBJC_WEAK = YES;
				CLANG_WARN_BLOCK_CAPTURE_AUTORELEASING = YES;
				CLANG_WARN_BOOL_CONVERSION = YES;
				CLANG_WARN_COMMA = YES;
				CLANG_WARN_CONSTANT_CONVERSION = YES;
				CLANG_WARN_DEPRECATED_OBJC_IMPLEMENTATIONS = YES;
				CLANG_WARN_DIRECT_OBJC_ISA_USAGE = YES_ERROR;
				CLANG_WARN_DOCUMENTATION_COMMENTS = YES;
				CLANG_WARN_EMPTY_BODY = YES;
				CLANG_WARN_ENUM_CONVERSION = YES;
				CLANG_WARN_INFINITE_RECURSION = YES;
				CLANG_WARN_INT_CONVERSION = YES;
				CLANG_WARN_NON_LITERAL_NULL_CONVERSION = YES;
				CLANG_WARN_OBJC_IMPLICIT_RETAIN_SELF = YES;
				CLANG_WARN_OBJC_LITERAL_CONVERSION = YES;
				CLANG_WARN_OBJC_ROOT_CLASS = YES_ERROR;
				CLANG_WARN_QUOTED_INCLUDE_IN_FRAMEWORK_HEADER = YES;
				CLANG_WARN_RANGE_LOOP_ANALYSIS = YES;
				CLANG_WARN_STRICT_PROTOTYPES = YES;
				CLANG_WARN_SUSPICIOUS_MOVE = YES;
				CLANG_WARN_UNGUARDED_AVAILABILITY = YES_AGGRESSIVE;
				CLANG_WARN_UNREACHABLE_CODE = YES;
				CLANG_WARN__DUPLICATE_METHOD_MATCH = YES;
				COPY_PHASE_STRIP = NO;
				DEBUG_INFORMATION_FORMAT = dwarf;
				ENABLE_STRICT_OBJC_MSGSEND = YES;
				ENABLE_TESTABILITY = YES;
				GCC_C_LANGUAGE_STANDARD = gnu11;
				GCC_DYNAMIC_NO_PIC = NO;
				GCC_NO_COMMON_BLOCKS = YES;
				GCC_OPTIMIZATION_LEVEL = 0;
				GCC_PREPROCESSOR_DEFINITIONS = (
					"DEBUG=1",
					"$(inherited)",
				);
				GCC_WARN_64_TO_32_BIT_CONVERSION = YES;
				GCC_WARN_ABOUT_RETURN_TYPE = YES_ERROR;
				GCC_WARN_UNDECLARED_SELECTOR = YES;
				GCC_WARN_UNINITIALIZED_AUTOS = YES_AGGRESSIVE;
				GCC_WARN_UNUSED_FUNCTION = YES;
				GCC_WARN_UNUSED_VARIABLE = YES;
				IPHONEOS_DEPLOYMENT_TARGET = 14.3;
				MTL_ENABLE_DEBUG_INFO = INCLUDE_SOURCE;
				MTL_FAST_MATH = YES;
				ONLY_ACTIVE_ARCH = YES;
				SDKROOT = iphoneos;
				SWIFT_ACTIVE_COMPILATION_CONDITIONS = DEBUG;
				SWIFT_OPTIMIZATION_LEVEL = "-Onone";
			};
			name = Debug;
		};
		3796F81825CCDC3B00CBB413 /* Release */ = {
			isa = XCBuildConfiguration;
			buildSettings = {
				ALWAYS_SEARCH_USER_PATHS = NO;
				CLANG_ANALYZER_NONNULL = YES;
				CLANG_ANALYZER_NUMBER_OBJECT_CONVERSION = YES_AGGRESSIVE;
				CLANG_CXX_LANGUAGE_STANDARD = "gnu++14";
				CLANG_CXX_LIBRARY = "libc++";
				CLANG_ENABLE_MODULES = YES;
				CLANG_ENABLE_OBJC_ARC = YES;
				CLANG_ENABLE_OBJC_WEAK = YES;
				CLANG_WARN_BLOCK_CAPTURE_AUTORELEASING = YES;
				CLANG_WARN_BOOL_CONVERSION = YES;
				CLANG_WARN_COMMA = YES;
				CLANG_WARN_CONSTANT_CONVERSION = YES;
				CLANG_WARN_DEPRECATED_OBJC_IMPLEMENTATIONS = YES;
				CLANG_WARN_DIRECT_OBJC_ISA_USAGE = YES_ERROR;
				CLANG_WARN_DOCUMENTATION_COMMENTS = YES;
				CLANG_WARN_EMPTY_BODY = YES;
				CLANG_WARN_ENUM_CONVERSION = YES;
				CLANG_WARN_INFINITE_RECURSION = YES;
				CLANG_WARN_INT_CONVERSION = YES;
				CLANG_WARN_NON_LITERAL_NULL_CONVERSION = YES;
				CLANG_WARN_OBJC_IMPLICIT_RETAIN_SELF = YES;
				CLANG_WARN_OBJC_LITERAL_CONVERSION = YES;
				CLANG_WARN_OBJC_ROOT_CLASS = YES_ERROR;
				CLANG_WARN_QUOTED_INCLUDE_IN_FRAMEWORK_HEADER = YES;
				CLANG_WARN_RANGE_LOOP_ANALYSIS = YES;
				CLANG_WARN_STRICT_PROTOTYPES = YES;
				CLANG_WARN_SUSPICIOUS_MOVE = YES;
				CLANG_WARN_UNGUARDED_AVAILABILITY = YES_AGGRESSIVE;
				CLANG_WARN_UNREACHABLE_CODE = YES;
				CLANG_WARN__DUPLICATE_METHOD_MATCH = YES;
				COPY_PHASE_STRIP = NO;
				DEBUG_INFORMATION_FORMAT = "dwarf-with-dsym";
				ENABLE_NS_ASSERTIONS = NO;
				ENABLE_STRICT_OBJC_MSGSEND = YES;
				GCC_C_LANGUAGE_STANDARD = gnu11;
				GCC_NO_COMMON_BLOCKS = YES;
				GCC_WARN_64_TO_32_BIT_CONVERSION = YES;
				GCC_WARN_ABOUT_RETURN_TYPE = YES_ERROR;
				GCC_WARN_UNDECLARED_SELECTOR = YES;
				GCC_WARN_UNINITIALIZED_AUTOS = YES_AGGRESSIVE;
				GCC_WARN_UNUSED_FUNCTION = YES;
				GCC_WARN_UNUSED_VARIABLE = YES;
				IPHONEOS_DEPLOYMENT_TARGET = 14.3;
				MTL_ENABLE_DEBUG_INFO = NO;
				MTL_FAST_MATH = YES;
				SDKROOT = iphoneos;
				SWIFT_COMPILATION_MODE = wholemodule;
				SWIFT_OPTIMIZATION_LEVEL = "-O";
				VALIDATE_PRODUCT = YES;
			};
			name = Release;
		};
		3796F81A25CCDC3B00CBB413 /* Debug */ = {
			isa = XCBuildConfiguration;
			buildSettings = {
				ASSETCATALOG_COMPILER_APPICON_NAME = AppIcon;
				ASSETCATALOG_COMPILER_GLOBAL_ACCENT_COLOR_NAME = AccentColor;
				CODE_SIGN_STYLE = Automatic;
				DEVELOPMENT_TEAM = ZGKPDJMQY5;
				INFOPLIST_FILE = MVPLearning/Info.plist;
				LD_RUNPATH_SEARCH_PATHS = (
					"$(inherited)",
					"@executable_path/Frameworks",
				);
				PRODUCT_BUNDLE_IDENTIFIER = com.Vidhvaan.MVPLearning;
				PRODUCT_NAME = "$(TARGET_NAME)";
				SWIFT_VERSION = 5.0;
				TARGETED_DEVICE_FAMILY = "1,2";
			};
			name = Debug;
		};
		3796F81B25CCDC3B00CBB413 /* Release */ = {
			isa = XCBuildConfiguration;
			buildSettings = {
				ASSETCATALOG_COMPILER_APPICON_NAME = AppIcon;
				ASSETCATALOG_COMPILER_GLOBAL_ACCENT_COLOR_NAME = AccentColor;
				CODE_SIGN_STYLE = Automatic;
				DEVELOPMENT_TEAM = ZGKPDJMQY5;
				INFOPLIST_FILE = MVPLearning/Info.plist;
				LD_RUNPATH_SEARCH_PATHS = (
					"$(inherited)",
					"@executable_path/Frameworks",
				);
				PRODUCT_BUNDLE_IDENTIFIER = com.Vidhvaan.MVPLearning;
				PRODUCT_NAME = "$(TARGET_NAME)";
				SWIFT_VERSION = 5.0;
				TARGETED_DEVICE_FAMILY = "1,2";
			};
			name = Release;
		};
		3796F81D25CCDC3B00CBB413 /* Debug */ = {
			isa = XCBuildConfiguration;
			buildSettings = {
				ALWAYS_EMBED_SWIFT_STANDARD_LIBRARIES = YES;
				BUNDLE_LOADER = "$(TEST_HOST)";
				CODE_SIGN_STYLE = Automatic;
				DEVELOPMENT_TEAM = ZGKPDJMQY5;
				INFOPLIST_FILE = MVPLearningTests/Info.plist;
				IPHONEOS_DEPLOYMENT_TARGET = 14.3;
				LD_RUNPATH_SEARCH_PATHS = (
					"$(inherited)",
					"@executable_path/Frameworks",
					"@loader_path/Frameworks",
				);
				PRODUCT_BUNDLE_IDENTIFIER = com.Vidhvaan.MVPLearningTests;
				PRODUCT_NAME = "$(TARGET_NAME)";
				SWIFT_VERSION = 5.0;
				TARGETED_DEVICE_FAMILY = "1,2";
				TEST_HOST = "$(BUILT_PRODUCTS_DIR)/MVPLearning.app/MVPLearning";
			};
			name = Debug;
		};
		3796F81E25CCDC3B00CBB413 /* Release */ = {
			isa = XCBuildConfiguration;
			buildSettings = {
				ALWAYS_EMBED_SWIFT_STANDARD_LIBRARIES = YES;
				BUNDLE_LOADER = "$(TEST_HOST)";
				CODE_SIGN_STYLE = Automatic;
				DEVELOPMENT_TEAM = ZGKPDJMQY5;
				INFOPLIST_FILE = MVPLearningTests/Info.plist;
				IPHONEOS_DEPLOYMENT_TARGET = 14.3;
				LD_RUNPATH_SEARCH_PATHS = (
					"$(inherited)",
					"@executable_path/Frameworks",
					"@loader_path/Frameworks",
				);
				PRODUCT_BUNDLE_IDENTIFIER = com.Vidhvaan.MVPLearningTests;
				PRODUCT_NAME = "$(TARGET_NAME)";
				SWIFT_VERSION = 5.0;
				TARGETED_DEVICE_FAMILY = "1,2";
				TEST_HOST = "$(BUILT_PRODUCTS_DIR)/MVPLearning.app/MVPLearning";
			};
			name = Release;
		};
		3796F82025CCDC3B00CBB413 /* Debug */ = {
			isa = XCBuildConfiguration;
			buildSettings = {
				ALWAYS_EMBED_SWIFT_STANDARD_LIBRARIES = YES;
				CODE_SIGN_STYLE = Automatic;
				DEVELOPMENT_TEAM = ZGKPDJMQY5;
				INFOPLIST_FILE = MVPLearningUITests/Info.plist;
				LD_RUNPATH_SEARCH_PATHS = (
					"$(inherited)",
					"@executable_path/Frameworks",
					"@loader_path/Frameworks",
				);
				PRODUCT_BUNDLE_IDENTIFIER = com.Vidhvaan.MVPLearningUITests;
				PRODUCT_NAME = "$(TARGET_NAME)";
				SWIFT_VERSION = 5.0;
				TARGETED_DEVICE_FAMILY = "1,2";
				TEST_TARGET_NAME = MVPLearning;
			};
			name = Debug;
		};
		3796F82125CCDC3B00CBB413 /* Release */ = {
			isa = XCBuildConfiguration;
			buildSettings = {
				ALWAYS_EMBED_SWIFT_STANDARD_LIBRARIES = YES;
				CODE_SIGN_STYLE = Automatic;
				DEVELOPMENT_TEAM = ZGKPDJMQY5;
				INFOPLIST_FILE = MVPLearningUITests/Info.plist;
				LD_RUNPATH_SEARCH_PATHS = (
					"$(inherited)",
					"@executable_path/Frameworks",
					"@loader_path/Frameworks",
				);
				PRODUCT_BUNDLE_IDENTIFIER = com.Vidhvaan.MVPLearningUITests;
				PRODUCT_NAME = "$(TARGET_NAME)";
				SWIFT_VERSION = 5.0;
				TARGETED_DEVICE_FAMILY = "1,2";
				TEST_TARGET_NAME = MVPLearning;
			};
			name = Release;
		};
/* End XCBuildConfiguration section */

/* Begin XCConfigurationList section */
		3796F7EA25CCDC3900CBB413 /* Build configuration list for PBXProject "MVPLearning" */ = {
			isa = XCConfigurationList;
			buildConfigurations = (
				3796F81725CCDC3B00CBB413 /* Debug */,
				3796F81825CCDC3B00CBB413 /* Release */,
			);
			defaultConfigurationIsVisible = 0;
			defaultConfigurationName = Release;
		};
		3796F81925CCDC3B00CBB413 /* Build configuration list for PBXNativeTarget "MVPLearning" */ = {
			isa = XCConfigurationList;
			buildConfigurations = (
				3796F81A25CCDC3B00CBB413 /* Debug */,
				3796F81B25CCDC3B00CBB413 /* Release */,
			);
			defaultConfigurationIsVisible = 0;
			defaultConfigurationName = Release;
		};
		3796F81C25CCDC3B00CBB413 /* Build configuration list for PBXNativeTarget "MVPLearningTests" */ = {
			isa = XCConfigurationList;
			buildConfigurations = (
				3796F81D25CCDC3B00CBB413 /* Debug */,
				3796F81E25CCDC3B00CBB413 /* Release */,
			);
			defaultConfigurationIsVisible = 0;
			defaultConfigurationName = Release;
		};
		3796F81F25CCDC3B00CBB413 /* Build configuration list for PBXNativeTarget "MVPLearningUITests" */ = {
			isa = XCConfigurationList;
			buildConfigurations = (
				3796F82025CCDC3B00CBB413 /* Debug */,
				3796F82125CCDC3B00CBB413 /* Release */,
			);
			defaultConfigurationIsVisible = 0;
			defaultConfigurationName = Release;
		};
/* End XCConfigurationList section */

/* Begin XCRemoteSwiftPackageReference section */
		3796F83B25CCE3EA00CBB413 /* XCRemoteSwiftPackageReference "Alamofire" */ = {
			isa = XCRemoteSwiftPackageReference;
			repositoryURL = "https://github.com/Alamofire/Alamofire.git";
			requirement = {
				kind = upToNextMajorVersion;
				minimumVersion = 5.4.1;
			};
		};
		3796F84125CCE42F00CBB413 /* XCRemoteSwiftPackageReference "AlamofireImage" */ = {
			isa = XCRemoteSwiftPackageReference;
			repositoryURL = "https://github.com/Alamofire/AlamofireImage.git";
			requirement = {
				kind = upToNextMajorVersion;
				minimumVersion = 4.1.0;
			};
		};
/* End XCRemoteSwiftPackageReference section */

/* Begin XCSwiftPackageProductDependency section */
		3796F83C25CCE3EA00CBB413 /* Alamofire */ = {
			isa = XCSwiftPackageProductDependency;
			package = 3796F83B25CCE3EA00CBB413 /* XCRemoteSwiftPackageReference "Alamofire" */;
			productName = Alamofire;
		};
		3796F84225CCE42F00CBB413 /* AlamofireImage */ = {
			isa = XCSwiftPackageProductDependency;
			package = 3796F84125CCE42F00CBB413 /* XCRemoteSwiftPackageReference "AlamofireImage" */;
			productName = AlamofireImage;
		};
/* End XCSwiftPackageProductDependency section */
	};
	rootObject = 3796F7E725CCDC3900CBB413 /* Project object */;
}
